
Microsoft Visual Studio Solution File, Format Version 12.00
# Visual Studio 14
VisualStudioVersion = 14.0.25420.1
MinimumVisualStudioVersion = 10.0.40219.1
Project("{8BC9CEB8-8B4A-11D0-8D11-00A0C91BC942}") = "embed-python-test", "embed-python-test\embed-python-test.vcxproj", "{2F8EA4D9-75B0-4960-BFD8-6EE435FE5B51}"
	ProjectSection(ProjectDependencies) = postProject
		{1496B064-0EF4-4F10-87FC-03D99402B523} = {1496B064-0EF4-4F10-87FC-03D99402B523}
	EndProjectSection
EndProject
Project("{8BC9CEB8-8B4A-11D0-8D11-00A0C91BC942}") = "embed-python-lib", "embed-python-lib\embed-python-lib.vcxproj", "{1496B064-0EF4-4F10-87FC-03D99402B523}"
EndProject
Project("{FAE04EC0-301F-11D3-BF4B-00C04F79EFBC}") = "embed-python-test-cs", "embed-python-test-cs\embed-python-test-cs.csproj", "{6BF0D98B-6035-43E5-A7F4-E2FA9A18008D}"
	ProjectSection(ProjectDependencies) = postProject
		{1496B064-0EF4-4F10-87FC-03D99402B523} = {1496B064-0EF4-4F10-87FC-03D99402B523}
	EndProjectSection
EndProject
Project("{FAE04EC0-301F-11D3-BF4B-00C04F79EFBC}") = "pythonnet-test-cs", "pythonnet-test-cs\pythonnet-test-cs.csproj", "{E3BC3734-E37C-42A3-AA46-B637D721F743}"
EndProject
Project("{FAE04EC0-301F-11D3-BF4B-00C04F79EFBC}") = "embpython-lib", "embpython-lib\embpython-lib.csproj", "{0C50FA2D-2E69-4F59-A063-5E4EA3822660}"
	ProjectSection(ProjectDependencies) = postProject
		{1496B064-0EF4-4F10-87FC-03D99402B523} = {1496B064-0EF4-4F10-87FC-03D99402B523}
	EndProjectSection
EndProject
Project("{FAE04EC0-301F-11D3-BF4B-00C04F79EFBC}") = "embpython-test", "embpython-test\embpython-test.csproj", "{563AE557-454B-4958-8F42-6EB9252F6E6F}"
	ProjectSection(ProjectDependencies) = postProject
		{0C50FA2D-2E69-4F59-A063-5E4EA3822660} = {0C50FA2D-2E69-4F59-A063-5E4EA3822660}
	EndProjectSection
EndProject
Project("{FAE04EC0-301F-11D3-BF4B-00C04F79EFBC}") = "delegate-with-named-arguments", "delegate-with-named-arguments\delegate-with-named-arguments.csproj", "{B1756588-58C1-4AE9-B898-ECB9C99629F6}"
EndProject
Global
	GlobalSection(SolutionConfigurationPlatforms) = preSolution
		Debug|Any CPU = Debug|Any CPU
		Debug|x64 = Debug|x64
		Debug|x86 = Debug|x86
		Release|Any CPU = Release|Any CPU
		Release|x64 = Release|x64
		Release|x86 = Release|x86
	EndGlobalSection
	GlobalSection(ProjectConfigurationPlatforms) = postSolution
		{2F8EA4D9-75B0-4960-BFD8-6EE435FE5B51}.Debug|Any CPU.ActiveCfg = Debug|Win32
		{2F8EA4D9-75B0-4960-BFD8-6EE435FE5B51}.Debug|x64.ActiveCfg = Debug|x64
		{2F8EA4D9-75B0-4960-BFD8-6EE435FE5B51}.Debug|x64.Build.0 = Debug|x64
		{2F8EA4D9-75B0-4960-BFD8-6EE435FE5B51}.Debug|x86.ActiveCfg = Debug|Win32
		{2F8EA4D9-75B0-4960-BFD8-6EE435FE5B51}.Debug|x86.Build.0 = Debug|Win32
		{2F8EA4D9-75B0-4960-BFD8-6EE435FE5B51}.Release|Any CPU.ActiveCfg = Release|Win32
		{2F8EA4D9-75B0-4960-BFD8-6EE435FE5B51}.Release|x64.ActiveCfg = Release|x64
		{2F8EA4D9-75B0-4960-BFD8-6EE435FE5B51}.Release|x64.Build.0 = Release|x64
		{2F8EA4D9-75B0-4960-BFD8-6EE435FE5B51}.Release|x86.ActiveCfg = Release|Win32
		{2F8EA4D9-75B0-4960-BFD8-6EE435FE5B51}.Release|x86.Build.0 = Release|Win32
		{1496B064-0EF4-4F10-87FC-03D99402B523}.Debug|Any CPU.ActiveCfg = Debug|Win32
		{1496B064-0EF4-4F10-87FC-03D99402B523}.Debug|x64.ActiveCfg = Debug|x64
		{1496B064-0EF4-4F10-87FC-03D99402B523}.Debug|x64.Build.0 = Debug|x64
		{1496B064-0EF4-4F10-87FC-03D99402B523}.Debug|x86.ActiveCfg = Debug|Win32
		{1496B064-0EF4-4F10-87FC-03D99402B523}.Debug|x86.Build.0 = Debug|Win32
		{1496B064-0EF4-4F10-87FC-03D99402B523}.Release|Any CPU.ActiveCfg = Release|Win32
		{1496B064-0EF4-4F10-87FC-03D99402B523}.Release|x64.ActiveCfg = Release|x64
		{1496B064-0EF4-4F10-87FC-03D99402B523}.Release|x64.Build.0 = Release|x64
		{1496B064-0EF4-4F10-87FC-03D99402B523}.Release|x86.ActiveCfg = Release|Win32
		{1496B064-0EF4-4F10-87FC-03D99402B523}.Release|x86.Build.0 = Release|Win32
		{6BF0D98B-6035-43E5-A7F4-E2FA9A18008D}.Debug|Any CPU.ActiveCfg = Debug|Any CPU
		{6BF0D98B-6035-43E5-A7F4-E2FA9A18008D}.Debug|Any CPU.Build.0 = Debug|Any CPU
		{6BF0D98B-6035-43E5-A7F4-E2FA9A18008D}.Debug|x64.ActiveCfg = Debug|Any CPU
		{6BF0D98B-6035-43E5-A7F4-E2FA9A18008D}.Debug|x64.Build.0 = Debug|Any CPU
		{6BF0D98B-6035-43E5-A7F4-E2FA9A18008D}.Debug|x86.ActiveCfg = Debug|Any CPU
		{6BF0D98B-6035-43E5-A7F4-E2FA9A18008D}.Debug|x86.Build.0 = Debug|Any CPU
		{6BF0D98B-6035-43E5-A7F4-E2FA9A18008D}.Release|Any CPU.ActiveCfg = Release|Any CPU
		{6BF0D98B-6035-43E5-A7F4-E2FA9A18008D}.Release|Any CPU.Build.0 = Release|Any CPU
		{6BF0D98B-6035-43E5-A7F4-E2FA9A18008D}.Release|x64.ActiveCfg = Release|Any CPU
		{6BF0D98B-6035-43E5-A7F4-E2FA9A18008D}.Release|x64.Build.0 = Release|Any CPU
		{6BF0D98B-6035-43E5-A7F4-E2FA9A18008D}.Release|x86.ActiveCfg = Release|Any CPU
		{6BF0D98B-6035-43E5-A7F4-E2FA9A18008D}.Release|x86.Build.0 = Release|Any CPU
		{E3BC3734-E37C-42A3-AA46-B637D721F743}.Debug|Any CPU.ActiveCfg = Debug|Any CPU
		{E3BC3734-E37C-42A3-AA46-B637D721F743}.Debug|Any CPU.Build.0 = Debug|Any CPU
		{E3BC3734-E37C-42A3-AA46-B637D721F743}.Debug|x64.ActiveCfg = Debug|Any CPU
		{E3BC3734-E37C-42A3-AA46-B637D721F743}.Debug|x64.Build.0 = Debug|Any CPU
		{E3BC3734-E37C-42A3-AA46-B637D721F743}.Debug|x86.ActiveCfg = Debug|Any CPU
		{E3BC3734-E37C-42A3-AA46-B637D721F743}.Debug|x86.Build.0 = Debug|Any CPU
		{E3BC3734-E37C-42A3-AA46-B637D721F743}.Release|Any CPU.ActiveCfg = Release|Any CPU
		{E3BC3734-E37C-42A3-AA46-B637D721F743}.Release|Any CPU.Build.0 = Release|Any CPU
		{E3BC3734-E37C-42A3-AA46-B637D721F743}.Release|x64.ActiveCfg = Release|Any CPU
		{E3BC3734-E37C-42A3-AA46-B637D721F743}.Release|x64.Build.0 = Release|Any CPU
		{E3BC3734-E37C-42A3-AA46-B637D721F743}.Release|x86.ActiveCfg = Release|Any CPU
		{E3BC3734-E37C-42A3-AA46-B637D721F743}.Release|x86.Build.0 = Release|Any CPU
		{0C50FA2D-2E69-4F59-A063-5E4EA3822660}.Debug|Any CPU.ActiveCfg = Debug|Any CPU
		{0C50FA2D-2E69-4F59-A063-5E4EA3822660}.Debug|Any CPU.Build.0 = Debug|Any CPU
		{0C50FA2D-2E69-4F59-A063-5E4EA3822660}.Debug|x64.ActiveCfg = Debug|Any CPU
		{0C50FA2D-2E69-4F59-A063-5E4EA3822660}.Debug|x64.Build.0 = Debug|Any CPU
		{0C50FA2D-2E69-4F59-A063-5E4EA3822660}.Debug|x86.ActiveCfg = Debug|Any CPU
		{0C50FA2D-2E69-4F59-A063-5E4EA3822660}.Debug|x86.Build.0 = Debug|Any CPU
		{0C50FA2D-2E69-4F59-A063-5E4EA3822660}.Release|Any CPU.ActiveCfg = Release|Any CPU
		{0C50FA2D-2E69-4F59-A063-5E4EA3822660}.Release|Any CPU.Build.0 = Release|Any CPU
		{0C50FA2D-2E69-4F59-A063-5E4EA3822660}.Release|x64.ActiveCfg = Release|Any CPU
		{0C50FA2D-2E69-4F59-A063-5E4EA3822660}.Release|x64.Build.0 = Release|Any CPU
		{0C50FA2D-2E69-4F59-A063-5E4EA3822660}.Release|x86.ActiveCfg = Release|Any CPU
		{0C50FA2D-2E69-4F59-A063-5E4EA3822660}.Release|x86.Build.0 = Release|Any CPU
		{563AE557-454B-4958-8F42-6EB9252F6E6F}.Debug|Any CPU.ActiveCfg = Debug|Any CPU
		{563AE557-454B-4958-8F42-6EB9252F6E6F}.Debug|Any CPU.Build.0 = Debug|Any CPU
		{563AE557-454B-4958-8F42-6EB9252F6E6F}.Debug|x64.ActiveCfg = Debug|Any CPU
		{563AE557-454B-4958-8F42-6EB9252F6E6F}.Debug|x64.Build.0 = Debug|Any CPU
		{563AE557-454B-4958-8F42-6EB9252F6E6F}.Debug|x86.ActiveCfg = Debug|Any CPU
		{563AE557-454B-4958-8F42-6EB9252F6E6F}.Debug|x86.Build.0 = Debug|Any CPU
		{563AE557-454B-4958-8F42-6EB9252F6E6F}.Release|Any CPU.ActiveCfg = Release|Any CPU
		{563AE557-454B-4958-8F42-6EB9252F6E6F}.Release|Any CPU.Build.0 = Release|Any CPU
		{563AE557-454B-4958-8F42-6EB9252F6E6F}.Release|x64.ActiveCfg = Release|Any CPU
		{563AE557-454B-4958-8F42-6EB9252F6E6F}.Release|x64.Build.0 = Release|Any CPU
		{563AE557-454B-4958-8F42-6EB9252F6E6F}.Release|x86.ActiveCfg = Release|Any CPU
		{563AE557-454B-4958-8F42-6EB9252F6E6F}.Release|x86.Build.0 = Release|Any CPU
		{B1756588-58C1-4AE9-B898-ECB9C99629F6}.Debug|Any CPU.ActiveCfg = Debug|Any CPU
		{B1756588-58C1-4AE9-B898-ECB9C99629F6}.Debug|Any CPU.Build.0 = Debug|Any CPU
		{B1756588-58C1-4AE9-B898-ECB9C99629F6}.Debug|x64.ActiveCfg = Debug|Any CPU
		{B1756588-58C1-4AE9-B898-ECB9C99629F6}.Debug|x64.Build.0 = Debug|Any CPU
		{B1756588-58C1-4AE9-B898-ECB9C99629F6}.Debug|x86.ActiveCfg = Debug|Any CPU
		{B1756588-58C1-4AE9-B898-ECB9C99629F6}.Debug|x86.Build.0 = Debug|Any CPU
		{B1756588-58C1-4AE9-B898-ECB9C99629F6}.Release|Any CPU.ActiveCfg = Release|Any CPU
		{B1756588-58C1-4AE9-B898-ECB9C99629F6}.Release|Any CPU.Build.0 = Release|Any CPU
		{B1756588-58C1-4AE9-B898-ECB9C99629F6}.Release|x64.ActiveCfg = Release|Any CPU
		{B1756588-58C1-4AE9-B898-ECB9C99629F6}.Release|x64.Build.0 = Release|Any CPU
		{B1756588-58C1-4AE9-B898-ECB9C99629F6}.Release|x86.ActiveCfg = Release|Any CPU
		{B1756588-58C1-4AE9-B898-ECB9C99629F6}.Release|x86.Build.0 = Release|Any CPU
	EndGlobalSection
	GlobalSection(SolutionProperties) = preSolution
		HideSolutionNode = FALSE
	EndGlobalSection
EndGlobal
